
Microsoft Visual Studio Solution File, Format Version 11.00
# Visual Studio 2010
# SharpDevelop 4.3
Project("{FAE04EC0-301F-11D3-BF4B-00C04F79EFBC}") = "TareaHerencia", "TareaHerencia\TareaHerencia.csproj", "{A99B46AF-F469-474C-90CC-CE3C585BDCEB}"
EndProject
Global
	GlobalSection(SolutionConfigurationPlatforms) = preSolution
		Debug|Any CPU = Debug|Any CPU
		Release|Any CPU = Release|Any CPU
	EndGlobalSection
	GlobalSection(ProjectConfigurationPlatforms) = postSolution
		{A99B46AF-F469-474C-90CC-CE3C585BDCEB}.Debug|Any CPU.Build.0 = Debug|Any CPU
		{A99B46AF-F469-474C-90CC-CE3C585BDCEB}.Debug|Any CPU.ActiveCfg = Debug|Any CPU
		{A99B46AF-F469-474C-90CC-CE3C585BDCEB}.Release|Any CPU.Build.0 = Release|Any CPU
		{A99B46AF-F469-474C-90CC-CE3C585BDCEB}.Release|Any CPU.ActiveCfg = Release|Any CPU
	EndGlobalSection
EndGlobal
